
Microsoft Visual Studio Solution File, Format Version 12.00
Project("{FAE04EC0-301F-11D3-BF4B-00C04F79EFBC}") = "TheJournalApp", "TheJournalApp\TheJournalApp.csproj", "{0C1B361D-A33F-4A5F-8944-76F7883AAC91}"
EndProject
Global
	GlobalSection(SolutionConfigurationPlatforms) = preSolution
		Debug|Any CPU = Debug|Any CPU
		Release|Any CPU = Release|Any CPU
	EndGlobalSection
	GlobalSection(ProjectConfigurationPlatforms) = postSolution
		{0C1B361D-A33F-4A5F-8944-76F7883AAC91}.Debug|Any CPU.ActiveCfg = Debug|Any CPU
		{0C1B361D-A33F-4A5F-8944-76F7883AAC91}.Debug|Any CPU.Build.0 = Debug|Any CPU
		{0C1B361D-A33F-4A5F-8944-76F7883AAC91}.Release|Any CPU.ActiveCfg = Release|Any CPU
		{0C1B361D-A33F-4A5F-8944-76F7883AAC91}.Release|Any CPU.Build.0 = Release|Any CPU
	EndGlobalSection
EndGlobal
